
Microsoft Visual Studio Solution File, Format Version 12.00
# Visual Studio Version 17
VisualStudioVersion = 17.10.35027.167
MinimumVisualStudioVersion = 10.0.40219.1
Project("{6EC3EE1D-3C4E-46DD-8F32-0CC8E7565705}") = "Demo", "Demo\Demo.fsproj", "{E80A9936-F84C-423C-8880-2C6DC9CC78C5}"
EndProject
Project("{6EC3EE1D-3C4E-46DD-8F32-0CC8E7565705}") = "Aardvark.Assembler", "Aardvark.Assembler\Aardvark.Assembler.fsproj", "{BF373F0C-1120-41E8-8290-87FEB85EDA51}"
EndProject
Project("{6EC3EE1D-3C4E-46DD-8F32-0CC8E7565705}") = "Tests", "Tests\Tests.fsproj", "{2658C396-A296-4F02-990B-DFC8AD4086BA}"
EndProject
Global
	GlobalSection(SolutionConfigurationPlatforms) = preSolution
		Debug|Any CPU = Debug|Any CPU
		Release|Any CPU = Release|Any CPU
	EndGlobalSection
	GlobalSection(ProjectConfigurationPlatforms) = postSolution
		{E80A9936-F84C-423C-8880-2C6DC9CC78C5}.Debug|Any CPU.ActiveCfg = Debug|Any CPU
		{E80A9936-F84C-423C-8880-2C6DC9CC78C5}.Debug|Any CPU.Build.0 = Debug|Any CPU
		{E80A9936-F84C-423C-8880-2C6DC9CC78C5}.Release|Any CPU.ActiveCfg = Release|Any CPU
		{E80A9936-F84C-423C-8880-2C6DC9CC78C5}.Release|Any CPU.Build.0 = Release|Any CPU
		{BF373F0C-1120-41E8-8290-87FEB85EDA51}.Debug|Any CPU.ActiveCfg = Debug|Any CPU
		{BF373F0C-1120-41E8-8290-87FEB85EDA51}.Debug|Any CPU.Build.0 = Debug|Any CPU
		{BF373F0C-1120-41E8-8290-87FEB85EDA51}.Release|Any CPU.ActiveCfg = Release|Any CPU
		{BF373F0C-1120-41E8-8290-87FEB85EDA51}.Release|Any CPU.Build.0 = Release|Any CPU
		{2658C396-A296-4F02-990B-DFC8AD4086BA}.Debug|Any CPU.ActiveCfg = Debug|Any CPU
		{2658C396-A296-4F02-990B-DFC8AD4086BA}.Debug|Any CPU.Build.0 = Debug|Any CPU
		{2658C396-A296-4F02-990B-DFC8AD4086BA}.Release|Any CPU.ActiveCfg = Release|Any CPU
		{2658C396-A296-4F02-990B-DFC8AD4086BA}.Release|Any CPU.Build.0 = Release|Any CPU
	EndGlobalSection
	GlobalSection(SolutionProperties) = preSolution
		HideSolutionNode = FALSE
	EndGlobalSection
EndGlobal
